
Microsoft Visual Studio Solution File, Format Version 12.00
# Visual Studio Version 17
VisualStudioVersion = 17.7.34031.279
MinimumVisualStudioVersion = 10.0.40219.1
Project("{9A19103F-16F7-4668-BE54-9A1E7A4F7556}") = "UABRO.RapidCompare.Model", "UABRO.RapidCompare.Model.csproj", "{0D0F8DAE-F658-4C39-A736-9C0B03FBBD16}"
EndProject
Project("{FAE04EC0-301F-11D3-BF4B-00C04F79EFBC}") = "UABRO.RapidCompare.ModelTests", "..\UABRO.RapidCompare.ModelTests\UABRO.RapidCompare.ModelTests.csproj", "{B838BB48-0A67-48D6-8D15-ADE7BB7BA07B}"
EndProject
Global
	GlobalSection(SolutionConfigurationPlatforms) = preSolution
		Debug|Any CPU = Debug|Any CPU
		Release|Any CPU = Release|Any CPU
	EndGlobalSection
	GlobalSection(ProjectConfigurationPlatforms) = postSolution
		{0D0F8DAE-F658-4C39-A736-9C0B03FBBD16}.Debug|Any CPU.ActiveCfg = Debug|Any CPU
		{0D0F8DAE-F658-4C39-A736-9C0B03FBBD16}.Debug|Any CPU.Build.0 = Debug|Any CPU
		{0D0F8DAE-F658-4C39-A736-9C0B03FBBD16}.Release|Any CPU.ActiveCfg = Release|Any CPU
		{0D0F8DAE-F658-4C39-A736-9C0B03FBBD16}.Release|Any CPU.Build.0 = Release|Any CPU
		{B838BB48-0A67-48D6-8D15-ADE7BB7BA07B}.Debug|Any CPU.ActiveCfg = Debug|Any CPU
		{B838BB48-0A67-48D6-8D15-ADE7BB7BA07B}.Debug|Any CPU.Build.0 = Debug|Any CPU
		{B838BB48-0A67-48D6-8D15-ADE7BB7BA07B}.Release|Any CPU.ActiveCfg = Release|Any CPU
		{B838BB48-0A67-48D6-8D15-ADE7BB7BA07B}.Release|Any CPU.Build.0 = Release|Any CPU
	EndGlobalSection
	GlobalSection(SolutionProperties) = preSolution
		HideSolutionNode = FALSE
	EndGlobalSection
	GlobalSection(ExtensibilityGlobals) = postSolution
		SolutionGuid = {6C70D0E9-AD2D-4BE9-9037-FF03A870D10A}
	EndGlobalSection
EndGlobal
