
Microsoft Visual Studio Solution File, Format Version 12.00
# Visual Studio Version 16
VisualStudioVersion = 16.0.30717.126
MinimumVisualStudioVersion = 10.0.40219.1
Project("{9A19103F-16F7-4668-BE54-9A1E7A4F7556}") = "RapidPlanEvaluationReportingConsole", "RapidPlanEvaluationReportingConsole.csproj", "{6A5339C9-86CF-42ED-A6F4-FAC8E80EF174}"
EndProject
Project("{9A19103F-16F7-4668-BE54-9A1E7A4F7556}") = "UABRO.RapidCompare.Reporting", "..\UABRO.RapidCompare.Reporting\UABRO.RapidCompare.Reporting.csproj", "{C06E1DD5-586E-4B64-8262-8536B9FEFE47}"
EndProject
Project("{9A19103F-16F7-4668-BE54-9A1E7A4F7556}") = "UABRO.RapidCompare.Analysis", "..\UABRO.RapidCompare.Analysis\UABRO.RapidCompare.Analysis.csproj", "{1ACD3A2B-32C8-4896-BDFC-6E95CBC8DD93}"
EndProject
Project("{9A19103F-16F7-4668-BE54-9A1E7A4F7556}") = "UABRO.RapidCompare.Model", "..\UABRO.RapidCompare.Model\UABRO.RapidCompare.Model.csproj", "{79B8F519-F9C3-4E85-9C32-E18B2BF9C654}"
EndProject
Project("{FAE04EC0-301F-11D3-BF4B-00C04F79EFBC}") = "UABRO.RapidCompare.AnalysisTests", "..\UABRO.RapidCompare.AnalysisTests\UABRO.RapidCompare.AnalysisTests.csproj", "{AA148C04-1C47-466C-B633-60707E6D2727}"
EndProject
Global
	GlobalSection(SolutionConfigurationPlatforms) = preSolution
		Debug|Any CPU = Debug|Any CPU
		Release|Any CPU = Release|Any CPU
	EndGlobalSection
	GlobalSection(ProjectConfigurationPlatforms) = postSolution
		{6A5339C9-86CF-42ED-A6F4-FAC8E80EF174}.Debug|Any CPU.ActiveCfg = Debug|Any CPU
		{6A5339C9-86CF-42ED-A6F4-FAC8E80EF174}.Debug|Any CPU.Build.0 = Debug|Any CPU
		{6A5339C9-86CF-42ED-A6F4-FAC8E80EF174}.Release|Any CPU.ActiveCfg = Release|Any CPU
		{6A5339C9-86CF-42ED-A6F4-FAC8E80EF174}.Release|Any CPU.Build.0 = Release|Any CPU
		{C06E1DD5-586E-4B64-8262-8536B9FEFE47}.Debug|Any CPU.ActiveCfg = Debug|Any CPU
		{C06E1DD5-586E-4B64-8262-8536B9FEFE47}.Debug|Any CPU.Build.0 = Debug|Any CPU
		{C06E1DD5-586E-4B64-8262-8536B9FEFE47}.Release|Any CPU.ActiveCfg = Release|Any CPU
		{C06E1DD5-586E-4B64-8262-8536B9FEFE47}.Release|Any CPU.Build.0 = Release|Any CPU
		{1ACD3A2B-32C8-4896-BDFC-6E95CBC8DD93}.Debug|Any CPU.ActiveCfg = Debug|Any CPU
		{1ACD3A2B-32C8-4896-BDFC-6E95CBC8DD93}.Debug|Any CPU.Build.0 = Debug|Any CPU
		{1ACD3A2B-32C8-4896-BDFC-6E95CBC8DD93}.Release|Any CPU.ActiveCfg = Release|Any CPU
		{1ACD3A2B-32C8-4896-BDFC-6E95CBC8DD93}.Release|Any CPU.Build.0 = Release|Any CPU
		{79B8F519-F9C3-4E85-9C32-E18B2BF9C654}.Debug|Any CPU.ActiveCfg = Debug|Any CPU
		{79B8F519-F9C3-4E85-9C32-E18B2BF9C654}.Debug|Any CPU.Build.0 = Debug|Any CPU
		{79B8F519-F9C3-4E85-9C32-E18B2BF9C654}.Release|Any CPU.ActiveCfg = Release|Any CPU
		{79B8F519-F9C3-4E85-9C32-E18B2BF9C654}.Release|Any CPU.Build.0 = Release|Any CPU
		{AA148C04-1C47-466C-B633-60707E6D2727}.Debug|Any CPU.ActiveCfg = Debug|Any CPU
		{AA148C04-1C47-466C-B633-60707E6D2727}.Debug|Any CPU.Build.0 = Debug|Any CPU
		{AA148C04-1C47-466C-B633-60707E6D2727}.Release|Any CPU.ActiveCfg = Release|Any CPU
		{AA148C04-1C47-466C-B633-60707E6D2727}.Release|Any CPU.Build.0 = Release|Any CPU
	EndGlobalSection
	GlobalSection(SolutionProperties) = preSolution
		HideSolutionNode = FALSE
	EndGlobalSection
	GlobalSection(ExtensibilityGlobals) = postSolution
		SolutionGuid = {3206CD61-CBA9-4CB1-A320-345DE3EB8484}
	EndGlobalSection
EndGlobal
